packages:
  - name: dbt_utils
    package: dbt-labs/dbt_utils
    version: 1.0.0
  - name: codegen
    package: dbt-labs/codegen
    version: 0.12.1
  - name: dbt_artifacts
    package: brooklyn-data/dbt_artifacts
    version: 2.9.3
  - name: dbt_constraints
    package: Snowflake-Labs/dbt_constraints
    version: 0.6.2
  - name: audit_helper
    package: dbt-labs/audit_helper
    version: 0.11.0
  - name: dbt_expectations
    package: calogica/dbt_expectations
    version: 0.10.3
  - name: dbt_project_evaluator
    package: dbt-labs/dbt_project_evaluator
    version: 0.13.1
  - name: dbt_date
    package: calogica/dbt_date
    version: 0.10.1
sha1_hash: a464d3f14a1a32888ba278b4f33bcbb54820119d
